# Generated by pub
# See https://dart.dev/tools/pub/glossary#lockfile
packages:
  async:
    dependency: transitive
    description:
      name: async
      sha256: bfe67ef28df125b7dddcea62755991f807aa39a2492a23e1550161692950bbe0
      url: "https://pub.flutter-io.cn"
    source: hosted
    version: "2.10.0"
  back_button_interceptor:
    dependency: "direct dev"
    description:
      name: back_button_interceptor
      sha256: "236f0c30027b5c52e69df965b7783a5a52552ef19b43a0b9e10ec7309c2b3681"
      url: "https://pub.flutter-io.cn"
    source: hosted
    version: "4.2.3"
  bloc:
    dependency: "direct dev"
    description:
      name: bloc
      sha256: "4dc615b173a0b9ed31603b1977353a375346aef8becf8a4fe6910d211fe49e76"
      url: "https://pub.flutter-io.cn"
    source: hosted
    version: "0.15.0"
  boolean_selector:
    dependency: transitive
    description:
      name: boolean_selector
      sha256: "6cfb5af12253eaf2b368f07bacc5a80d1301a071c73360d746b7f2e32d762c66"
      url: "https://pub.flutter-io.cn"
    source: hosted
    version: "2.1.1"
  characters:
    dependency: transitive
    description:
      name: characters
      sha256: e6a326c8af69605aec75ed6c187d06b349707a27fbff8222ca9cc2cff167975c
      url: "https://pub.flutter-io.cn"
    source: hosted
    version: "1.2.1"
  charcode:
    dependency: transitive
    description:
      name: charcode
      sha256: "3b2184de710a811255c3243d36dd0da64d86ae7b53ab026973ccd573a1a4b987"
      url: "https://pub.flutter-io.cn"
    source: hosted
    version: "1.1.2"
  city_pickers:
    dependency: "direct dev"
    description:
      name: city_pickers
      sha256: "8c4053cc754f15f037f82bf86985bbd44c24d1b545e133150dee2a31c6b097e5"
      url: "https://pub.flutter-io.cn"
    source: hosted
    version: "0.1.30"
  clock:
    dependency: transitive
    description:
      name: clock
      sha256: cb6d7f03e1de671e34607e909a7213e31d7752be4fb66a86d29fe1eb14bfb5cf
      url: "https://pub.flutter-io.cn"
    source: hosted
    version: "1.1.1"
  collection:
    dependency: transitive
    description:
      name: collection
      sha256: cfc915e6923fe5ce6e153b0723c753045de46de1b4d63771530504004a45fae0
      url: "https://pub.flutter-io.cn"
    source: hosted
    version: "1.17.0"
  convert:
    dependency: transitive
    description:
      name: convert
      sha256: "3fa83bc417e26f1d55814443a603747d48e3cdf55b2f4fea27dea8e9224dcefd"
      url: "https://pub.flutter-io.cn"
    source: hosted
    version: "2.1.1"
  cookie_jar:
    dependency: "direct dev"
    description:
      name: cookie_jar
      sha256: eede1c99d75847599b08911f680beb29e2b52aafad9a81271207f4dd8b0d31e0
      url: "https://pub.flutter-io.cn"
    source: hosted
    version: "1.0.1"
  crypto:
    dependency: transitive
    description:
      name: crypto
      sha256: ebdb34c9171ea8e566dbed1800349c4135c33d2994de39d74206a8ad242f34a9
      url: "https://pub.flutter-io.cn"
    source: hosted
    version: "2.1.3"
  cupertino_icons:
    dependency: "direct main"
    description:
      name: cupertino_icons
      sha256: a937da4c006989739ceb4d10e3bd6cce64ca85d0fe287fc5b2b9f6ee757dcee6
      url: "https://pub.flutter-io.cn"
    source: hosted
    version: "0.1.3"
  dio:
    dependency: "direct dev"
    description:
      name: dio
      sha256: "8ac4d6497a7cf14b84a4279c2fbe09005d1515b25aadcff7b90da1e60e17fcb3"
      url: "https://pub.flutter-io.cn"
    source: hosted
    version: "2.2.2"
  easy_dialog:
    dependency: "direct dev"
    description:
      name: easy_dialog
      sha256: "4cfaf34ade655d8060c0f951a1d9d824b247d10a17c20196ff3a7a5c3e7e2fed"
      url: "https://pub.flutter-io.cn"
    source: hosted
    version: "1.0.5"
  equatable:
    dependency: "direct dev"
    description:
      name: equatable
      sha256: "0f8be44d0f65630199b75090fdb27c95f6fbf939ef2a13f3ecc2d1a93c3f64b9"
      url: "https://pub.flutter-io.cn"
    source: hosted
    version: "0.3.0"
  extended_image:
    dependency: "direct dev"
    description:
      name: extended_image
      sha256: d462483852554e994befb22e845f4a3bd8465862f1417be935fa70dbb396e712
      url: "https://pub.flutter-io.cn"
    source: hosted
    version: "0.7.1"
  extended_image_library:
    dependency: transitive
    description:
      name: extended_image_library
      sha256: "1aae80a7a82339352193e32cfc78c7c9945aef0c41cf6be3375c6df3fb9de2c6"
      url: "https://pub.flutter-io.cn"
    source: hosted
    version: "0.2.1"
  f_logs:
    dependency: "direct dev"
    description:
      name: f_logs
      sha256: "97f409c59463140afb1803c6a20a22e78246456a8df384f59672d075edd6920c"
      url: "https://pub.flutter-io.cn"
    source: hosted
    version: "1.2.1"
  fake_async:
    dependency: transitive
    description:
      name: fake_async
      sha256: "511392330127add0b769b75a987850d136345d9227c6b94c96a04cf4a391bf78"
      url: "https://pub.flutter-io.cn"
    source: hosted
    version: "1.3.1"
  fluro:
    dependency: "direct dev"
    description:
      name: fluro
      sha256: "1eb7b00e6bc5f6fbb26f72bf700a7c035731a1fab415052efa53175ee4f275b4"
      url: "https://pub.flutter-io.cn"
    source: hosted
    version: "1.6.1"
  flutter:
    dependency: "direct main"
    description: flutter
    source: sdk
    version: "0.0.0"
  flutter_bloc:
    dependency: "direct dev"
    description:
      name: flutter_bloc
      sha256: "0b2877ac90bc4bd3ea6c82a0d937855f46df3c1684a92fa122719caa4120ffaf"
      url: "https://pub.flutter-io.cn"
    source: hosted
    version: "0.21.0"
  flutter_datetime_picker:
    dependency: "direct dev"
    description:
      name: flutter_datetime_picker
      sha256: b47131449a4932c865e1de7945dec4a08d00ac51c5c7b542d72c07e793857f41
      url: "https://pub.flutter-io.cn"
    source: hosted
    version: "1.3.5"
  flutter_easyrefresh:
    dependency: "direct dev"
    description:
      name: flutter_easyrefresh
      sha256: f779777e240ca37e8d40337fee53815de94a316c43cfbc3bf3fbdfec2bfed3e6
      url: "https://pub.flutter-io.cn"
    source: hosted
    version: "1.2.7"
  flutter_page_indicator:
    dependency: transitive
    description:
      name: flutter_page_indicator
      sha256: a5b2992228c2827b69faed3977681a3f5c313c7f13d72272decbb2923d1d7176
      url: "https://pub.flutter-io.cn"
    source: hosted
    version: "0.0.3"
  flutter_picker:
    dependency: "direct dev"
    description:
      name: flutter_picker
      sha256: "631b8ebd5f3194a48e6490586e430676d61de898c0203c3510dd9752a8603592"
      url: "https://pub.flutter-io.cn"
    source: hosted
    version: "1.1.3"
  flutter_redux:
    dependency: "direct dev"
    description:
      name: flutter_redux
      sha256: "2190d38e12a71dd73bf18d085354911425df62f48fc78146644782c70475d0a5"
      url: "https://pub.flutter-io.cn"
    source: hosted
    version: "0.5.4"
  flutter_screenutil:
    dependency: "direct dev"
    description:
      name: flutter_screenutil
      sha256: "368492376d26829d7add00143091fd8e3cf5fc1d60f51f2be683fcc8b76871d2"
      url: "https://pub.flutter-io.cn"
    source: hosted
    version: "1.1.0"
  flutter_secure_storage:
    dependency: "direct dev"
    description:
      name: flutter_secure_storage
      sha256: "8e7a4867a7564b387a4426c1a7641b8485e401c0729b34f92c7e6aaaba15daa5"
      url: "https://pub.flutter-io.cn"
    source: hosted
    version: "3.3.1+1"
  flutter_swiper:
    dependency: "direct dev"
    description:
      name: flutter_swiper
      sha256: e52a0e894abfa4099a5d4e5098a00597f3b55e25617cdd19e6fe6be5d24858c7
      url: "https://pub.flutter-io.cn"
    source: hosted
    version: "1.1.6"
  flutter_test:
    dependency: "direct dev"
    description: flutter
    source: sdk
    version: "0.0.0"
  flutter_web_plugins:
    dependency: transitive
    description: flutter
    source: sdk
    version: "0.0.0"
  fluttertoast:
    dependency: "direct dev"
    description:
      name: fluttertoast
      sha256: "1d537fc5695bc8fe34572c3d0a8738330c689703ba206ae93ba4cd99b0349d9f"
      url: "https://pub.flutter-io.cn"
    source: hosted
    version: "3.1.3"
  http:
    dependency: transitive
    description:
      name: http
      sha256: "12a67c630798bf730dd26f897d3b85b679a857b7a5c53b8caeb7ddd557b693b1"
      url: "https://pub.flutter-io.cn"
    source: hosted
    version: "0.12.0+4"
  http_client_helper:
    dependency: transitive
    description:
      name: http_client_helper
      sha256: "577c12f18172ce410f86716acb62aa3107d6d75a994bc0c68c8f85e2cd3e04d8"
      url: "https://pub.flutter-io.cn"
    source: hosted
    version: "0.2.1"
  http_parser:
    dependency: transitive
    description:
      name: http_parser
      sha256: "922804ee33df3ffe79675509bc20a61f6bd06ad733cef811616790948b99d74b"
      url: "https://pub.flutter-io.cn"
    source: hosted
    version: "3.1.3"
  intl:
    dependency: "direct dev"
    description:
      name: intl
      sha256: e8563d2ae9e4df520134b2e67460f1263486ab79b09f9479e86238ae71e1fb9a
      url: "https://pub.flutter-io.cn"
    source: hosted
    version: "0.15.8"
  js:
    dependency: transitive
    description:
      name: js
      sha256: "5528c2f391ededb7775ec1daa69e65a2d61276f7552de2b5f7b8d34ee9fd4ab7"
      url: "https://pub.flutter-io.cn"
    source: hosted
    version: "0.6.5"
  keyboard_visibility:
    dependency: "direct dev"
    description:
      name: keyboard_visibility
      sha256: "88217e79f12bdfed032320875b3c421c18b67657197d4316dbf7bd24e15101e3"
      url: "https://pub.flutter-io.cn"
    source: hosted
    version: "0.5.6"
  lpinyin:
    dependency: transitive
    description:
      name: lpinyin
      sha256: e3a336e78f8f4e472944d9a82b4f0e7961316b36c685c992e0d1bab14426001a
      url: "https://pub.flutter-io.cn"
    source: hosted
    version: "1.0.9"
  matcher:
    dependency: transitive
    description:
      name: matcher
      sha256: "16db949ceee371e9b99d22f88fa3a73c4e59fd0afed0bd25fc336eb76c198b72"
      url: "https://pub.flutter-io.cn"
    source: hosted
    version: "0.12.13"
  material_color_utilities:
    dependency: transitive
    description:
      name: material_color_utilities
      sha256: d92141dc6fe1dad30722f9aa826c7fbc896d021d792f80678280601aff8cf724
      url: "https://pub.flutter-io.cn"
    source: hosted
    version: "0.2.0"
  meta:
    dependency: "direct dev"
    description:
      name: meta
      sha256: "6c268b42ed578a53088d834796959e4a1814b5e9e164f147f580a386e5decf42"
      url: "https://pub.flutter-io.cn"
    source: hosted
    version: "1.8.0"
  path:
    dependency: transitive
    description:
      name: path
      sha256: db9d4f58c908a4ba5953fcee2ae317c94889433e5024c27ce74a37f94267945b
      url: "https://pub.flutter-io.cn"
    source: hosted
    version: "1.8.2"
  path_provider:
    dependency: "direct dev"
    description:
      name: path_provider
      sha256: b2cf36ac1b26e7ecbea5286e0c451434af47b81a0c33b4ab65cdccb93d221380
      url: "https://pub.flutter-io.cn"
    source: hosted
    version: "1.6.5"
  path_provider_macos:
    dependency: transitive
    description:
      name: path_provider_macos
      sha256: cd592bec4e9ce9b28b15e145f24a9f8da9a6633acb2662efc0a70fbed7d40fd9
      url: "https://pub.flutter-io.cn"
    source: hosted
    version: "0.0.4"
  path_provider_platform_interface:
    dependency: transitive
    description:
      name: path_provider_platform_interface
      sha256: "6756134898dc3f274cfef6093c08a1f84fe26dfaed78cf826fc89fe94ef12520"
      url: "https://pub.flutter-io.cn"
    source: hosted
    version: "1.0.1"
  pedantic:
    dependency: transitive
    description:
      name: pedantic
      sha256: "47dbb0d43378d6505c9863c4f7096a82b88efb0a5c948f937ca9f0c67f099da4"
      url: "https://pub.flutter-io.cn"
    source: hosted
    version: "1.8.0+1"
  permission_handler:
    dependency: "direct dev"
    description:
      name: permission_handler
      sha256: e5a26079da8ca460319a3d70b41c6ab5becc218d6b4a8fe6c4c0080866408b39
      url: "https://pub.flutter-io.cn"
    source: hosted
    version: "3.3.0"
  platform:
    dependency: transitive
    description:
      name: platform
      sha256: "2d03e4330ae22fc7fc0dd38c1fc6d0a9dc7ff10d7deea6dbb2583f7e5c053453"
      url: "https://pub.flutter-io.cn"
    source: hosted
    version: "2.2.1"
  plugin_platform_interface:
    dependency: transitive
    description:
      name: plugin_platform_interface
      sha256: "3c3d17d0012f7388b8beb79a4517cd2f25b66aa09f9f99f9adcaada6ea6f46f1"
      url: "https://pub.flutter-io.cn"
    source: hosted
    version: "1.0.2"
  provider:
    dependency: transitive
    description:
      name: provider
      sha256: c073897ced62b07e5a1536b97dce208a8b96046faeb2f66f65d3a7e59a971599
      url: "https://pub.flutter-io.cn"
    source: hosted
    version: "3.2.0"
  redux:
    dependency: transitive
    description:
      name: redux
      sha256: "711cae4589a632d0151d4d70efa84fb4195efa1d03e7a2f2bca96b69c1d7076a"
      url: "https://pub.flutter-io.cn"
    source: hosted
    version: "3.0.0"
  rxdart:
    dependency: transitive
    description:
      name: rxdart
      sha256: "79022a7d6ab5f7d00458ed74c121a75f38c88b1b3fa4bb053f23110b7a2e1241"
      url: "https://pub.flutter-io.cn"
    source: hosted
    version: "0.22.6"
  sembast:
    dependency: transitive
    description:
      name: sembast
      sha256: a8bdf10f4210a550b71cc9c67278166d1cc53d92f3a79fc994ef37bb328d396b
      url: "https://pub.flutter-io.cn"
    source: hosted
    version: "2.3.0"
  sentry:
    dependency: "direct dev"
    description:
      name: sentry
      sha256: b6ccfb60e1dc71e0b9f6f43d05abbf0f93c49e43c6967f1ce0cfc7b8671f62bc
      url: "https://pub.flutter-io.cn"
    source: hosted
    version: "2.3.1"
  shared_preferences:
    dependency: "direct dev"
    description:
      name: shared_preferences
      sha256: dfe2f7431e368ee5722237a8ea0083f870ab929cc012bc8ae8e52d1192abe87c
      url: "https://pub.flutter-io.cn"
    source: hosted
    version: "0.5.6+3"
  shared_preferences_macos:
    dependency: transitive
    description:
      name: shared_preferences_macos
      sha256: c9330653538dd07b35b038728008b1e177caa106497ba82fa768be82db08b04a
      url: "https://pub.flutter-io.cn"
    source: hosted
    version: "0.0.1+6"
  shared_preferences_platform_interface:
    dependency: transitive
    description:
      name: shared_preferences_platform_interface
      sha256: a2359f6d5535f8ea0e328dfb4a1457c917f600236a9eded2ff7f21088b1caa4a
      url: "https://pub.flutter-io.cn"
    source: hosted
    version: "1.0.3"
  shared_preferences_web:
    dependency: transitive
    description:
      name: shared_preferences_web
      sha256: c7e790b9d9f6b27f44f9b4b9c2e3cf1a07fc6751230ab3321157b2226405e8cc
      url: "https://pub.flutter-io.cn"
    source: hosted
    version: "0.1.2+4"
  sky_engine:
    dependency: transitive
    description: flutter
    source: sdk
    version: "0.0.99"
  source_span:
    dependency: transitive
    description:
      name: source_span
      sha256: dd904f795d4b4f3b870833847c461801f6750a9fa8e61ea5ac53f9422b31f250
      url: "https://pub.flutter-io.cn"
    source: hosted
    version: "1.9.1"
  stack_trace:
    dependency: transitive
    description:
      name: stack_trace
      sha256: c3c7d8edb15bee7f0f74debd4b9c5f3c2ea86766fe4178eb2a18eb30a0bdaed5
      url: "https://pub.flutter-io.cn"
    source: hosted
    version: "1.11.0"
  stream_channel:
    dependency: transitive
    description:
      name: stream_channel
      sha256: "83615bee9045c1d322bbbd1ba209b7a749c2cbcdcb3fdd1df8eb488b3279c1c8"
      url: "https://pub.flutter-io.cn"
    source: hosted
    version: "2.1.1"
  string_scanner:
    dependency: transitive
    description:
      name: string_scanner
      sha256: "556692adab6cfa87322a115640c11f13cb77b3f076ddcc5d6ae3c20242bedcde"
      url: "https://pub.flutter-io.cn"
    source: hosted
    version: "1.2.0"
  synchronized:
    dependency: "direct dev"
    description:
      name: synchronized
      sha256: "3aec6b8760ed0b7e571575d1a98c5589f1dab70561a6db248846b47e89ba759c"
      url: "https://pub.flutter-io.cn"
    source: hosted
    version: "2.2.0"
  term_glyph:
    dependency: transitive
    description:
      name: term_glyph
      sha256: a29248a84fbb7c79282b40b8c72a1209db169a2e0542bce341da992fe1bc7e84
      url: "https://pub.flutter-io.cn"
    source: hosted
    version: "1.2.1"
  test_api:
    dependency: transitive
    description:
      name: test_api
      sha256: ad540f65f92caa91bf21dfc8ffb8c589d6e4dc0c2267818b4cc2792857706206
      url: "https://pub.flutter-io.cn"
    source: hosted
    version: "0.4.16"
  transformer_page_view:
    dependency: transitive
    description:
      name: transformer_page_view
      sha256: "2210531bc4148831061c575070173f32693415be8bbbf5bd2159a38f2adff61c"
      url: "https://pub.flutter-io.cn"
    source: hosted
    version: "0.1.6"
  typed_data:
    dependency: transitive
    description:
      name: typed_data
      sha256: c658af5f6dca146cfeb54a0908dbf8cbdcbef9e7e375541539b38be1694fe2bf
      url: "https://pub.flutter-io.cn"
    source: hosted
    version: "1.1.6"
  usage:
    dependency: transitive
    description:
      name: usage
      sha256: b68ea759b6ad5f28f91fff6d6b70ae3f30401f0ac52a980fcb13bb9cacd068c5
      url: "https://pub.flutter-io.cn"
    source: hosted
    version: "3.4.1"
  vector_math:
    dependency: transitive
    description:
      name: vector_math
      sha256: "80b3257d1492ce4d091729e3a67a60407d227c27241d6927be0130c98e741803"
      url: "https://pub.flutter-io.cn"
    source: hosted
    version: "2.1.4"
  xxtea:
    dependency: transitive
    description:
      name: xxtea
      sha256: "4adcbb8b02b2967777832f439c572c4d016e810a410e22389b4094b8e14ab81a"
      url: "https://pub.flutter-io.cn"
    source: hosted
    version: "2.0.2"
sdks:
  dart: ">=2.18.0 <3.0.0"
  flutter: ">=1.12.13+hotfix.4"
